// !$*UTF8*$!
{
	archiveVersion = 1;
	classes = {
	};
	objectVersion = 50;
	objects = {

/* Begin PBXBuildFile section */
		9FA144B124C7E56200717F02 /* AppDelegate.swift in Sources */ = {isa = PBXBuildFile; fileRef = 9FA144B024C7E56200717F02 /* AppDelegate.swift */; };
		9FA144B324C7E56200717F02 /* SceneDelegate.swift in Sources */ = {isa = PBXBuildFile; fileRef = 9FA144B224C7E56200717F02 /* SceneDelegate.swift */; };
		9FA144B524C7E56200717F02 /* ViewController.swift in Sources */ = {isa = PBXBuildFile; fileRef = 9FA144B424C7E56200717F02 /* ViewController.swift */; };
		9FA144B824C7E56200717F02 /* Main.storyboard in Resources */ = {isa = PBXBuildFile; fileRef = 9FA144B624C7E56200717F02 /* Main.storyboard */; };
		9FA144BA24C7E56700717F02 /* Assets.xcassets in Resources */ = {isa = PBXBuildFile; fileRef = 9FA144B924C7E56700717F02 /* Assets.xcassets */; };
		9FA144BD24C7E56700717F02 /* LaunchScreen.storyboard in Resources */ = {isa = PBXBuildFile; fileRef = 9FA144BB24C7E56700717F02 /* LaunchScreen.storyboard */; };
		9FA144C824C7E56800717F02 /* tipTests.swift in Sources */ = {isa = PBXBuildFile; fileRef = 9FA144C724C7E56800717F02 /* tipTests.swift */; };
		9FA144D324C7E56800717F02 /* tipUITests.swift in Sources */ = {isa = PBXBuildFile; fileRef = 9FA144D224C7E56800717F02 /* tipUITests.swift */; };
/* End PBXBuildFile section */

/* Begin PBXContainerItemProxy section */
		9FA144C424C7E56800717F02 /* PBXContainerItemProxy */ = {
			isa = PBXContainerItemProxy;
			containerPortal = 9FA144A524C7E56200717F02 /* Project object */;
			proxyType = 1;
			remoteGlobalIDString = 9FA144AC24C7E56200717F02;
			remoteInfo = tip;
		};
		9FA144CF24C7E56800717F02 /* PBXContainerItemProxy */ = {
			isa = PBXContainerItemProxy;
			containerPortal = 9FA144A524C7E56200717F02 /* Project object */;
			proxyType = 1;
			remoteGlobalIDString = 9FA144AC24C7E56200717F02;
			remoteInfo = tip;
		};
/* End PBXContainerItemProxy section */

/* Begin PBXFileReference section */
		9FA144AD24C7E56200717F02 /* tip.app */ = {isa = PBXFileReference; explicitFileType = wrapper.application; includeInIndex = 0; path = tip.app; sourceTree = BUILT_PRODUCTS_DIR; };
		9FA144B024C7E56200717F02 /* AppDelegate.swift */ = {isa = PBXFileReference; lastKnownFileType = sourcecode.swift; path = AppDelegate.swift; sourceTree = "<group>"; };
		9FA144B224C7E56200717F02 /* SceneDelegate.swift */ = {isa = PBXFileReference; lastKnownFileType = sourcecode.swift; path = SceneDelegate.swift; sourceTree = "<group>"; };
		9FA144B424C7E56200717F02 /* ViewController.swift */ = {isa = PBXFileReference; lastKnownFileType = sourcecode.swift; path = ViewController.swift; sourceTree = "<group>"; };
		9FA144B724C7E56200717F02 /* Base */ = {isa = PBXFileReference; lastKnownFileType = file.storyboard; name = Base; path = Base.lproj/Main.storyboard; sourceTree = "<group>"; };
		9FA144B924C7E56700717F02 /* Assets.xcassets */ = {isa = PBXFileReference; lastKnownFileType = folder.assetcatalog; path = Assets.xcassets; sourceTree = "<group>"; };
		9FA144BC24C7E56700717F02 /* Base */ = {isa = PBXFileReference; lastKnownFileType = file.storyboard; name = Base; path = Base.lproj/LaunchScreen.storyboard; sourceTree = "<group>"; };
		9FA144BE24C7E56700717F02 /* Info.plist */ = {isa = PBXFileReference; lastKnownFileType = text.plist.xml; path = Info.plist; sourceTree = "<group>"; };
		9FA144C324C7E56800717F02 /* tipTests.xctest */ = {isa = PBXFileReference; explicitFileType = wrapper.cfbundle; includeInIndex = 0; path = tipTests.xctest; sourceTree = BUILT_PRODUCTS_DIR; };
		9FA144C724C7E56800717F02 /* tipTests.swift */ = {isa = PBXFileReference; lastKnownFileType = sourcecode.swift; path = tipTests.swift; sourceTree = "<group>"; };
		9FA144C924C7E56800717F02 /* Info.plist */ = {isa = PBXFileReference; lastKnownFileType = text.plist.xml; path = Info.plist; sourceTree = "<group>"; };
		9FA144CE24C7E56800717F02 /* tipUITests.xctest */ = {isa = PBXFileReference; explicitFileType = wrapper.cfbundle; includeInIndex = 0; path = tipUITests.xctest; sourceTree = BUILT_PRODUCTS_DIR; };
		9FA144D224C7E56800717F02 /* tipUITests.swift */ = {isa = PBXFileReference; lastKnownFileType = sourcecode.swift; path = tipUITests.swift; sourceTree = "<group>"; };
		9FA144D424C7E56800717F02 /* Info.plist */ = {isa = PBXFileReference; lastKnownFileType = text.plist.xml; path = Info.plist; sourceTree = "<group>"; };
/* End PBXFileReference section */

/* Begin PBXFrameworksBuildPhase section */
		9FA144AA24C7E56200717F02 /* Frameworks */ = {
			isa = PBXFrameworksBuildPhase;
			buildActionMask = 2147483647;
			files = (
			);
			runOnlyForDeploymentPostprocessing = 0;
		};
		9FA144C024C7E56700717F02 /* Frameworks */ = {
			isa = PBXFrameworksBuildPhase;
			buildActionMask = 2147483647;
			files = (
			);
			runOnlyForDeploymentPostprocessing = 0;
		};
		9FA144CB24C7E56800717F02 /* Frameworks */ = {
			isa = PBXFrameworksBuildPhase;
			buildActionMask = 2147483647;
			files = (
			);
			runOnlyForDeploymentPostprocessing = 0;
		};
/* End PBXFrameworksBuildPhase section */

/* Begin PBXGroup section */
		9FA144A424C7E56200717F02 = {
			isa = PBXGroup;
			children = (
				9FA144AF24C7E56200717F02 /* tip */,
				9FA144C624C7E56800717F02 /* tipTests */,
				9FA144D124C7E56800717F02 /* tipUITests */,
				9FA144AE24C7E56200717F02 /* Products */,
			);
			sourceTree = "<group>";
		};
		9FA144AE24C7E56200717F02 /* Products */ = {
			isa = PBXGroup;
			children = (
				9FA144AD24C7E56200717F02 /* tip.app */,
				9FA144C324C7E56800717F02 /* tipTests.xctest */,
				9FA144CE24C7E56800717F02 /* tipUITests.xctest */,
			);
			name = Products;
			sourceTree = "<group>";
		};
		9FA144AF24C7E56200717F02 /* tip */ = {
			isa = PBXGroup;
			children = (
				9FA144B024C7E56200717F02 /* AppDelegate.swift */,
				9FA144B224C7E56200717F02 /* SceneDelegate.swift */,
				9FA144B424C7E56200717F02 /* ViewController.swift */,
				9FA144B624C7E56200717F02 /* Main.storyboard */,
				9FA144B924C7E56700717F02 /* Assets.xcassets */,
				9FA144BB24C7E56700717F02 /* LaunchScreen.storyboard */,
				9FA144BE24C7E56700717F02 /* Info.plist */,
			);
			path = tip;
			sourceTree = "<group>";
		};
		9FA144C624C7E56800717F02 /* tipTests */ = {
			isa = PBXGroup;
			children = (
				9FA144C724C7E56800717F02 /* tipTests.swift */,
				9FA144C924C7E56800717F02 /* Info.plist */,
			);
			path = tipTests;
			sourceTree = "<group>";
		};
		9FA144D124C7E56800717F02 /* tipUITests */ = {
			isa = PBXGroup;
			children = (
				9FA144D224C7E56800717F02 /* tipUITests.swift */,
				9FA144D424C7E56800717F02 /* Info.plist */,
			);
			path = tipUITests;
			sourceTree = "<group>";
		};
/* End PBXGroup section */

/* Begin PBXNativeTarget section */
		9FA144AC24C7E56200717F02 /* tip */ = {
			isa = PBXNativeTarget;
			buildConfigurationList = 9FA144D724C7E56800717F02 /* Build configuration list for PBXNativeTarget "tip" */;
			buildPhases = (
				9FA144A924C7E56200717F02 /* Sources */,
				9FA144AA24C7E56200717F02 /* Frameworks */,
				9FA144AB24C7E56200717F02 /* Resources */,
			);
			buildRules = (
			);
			dependencies = (
			);
			name = tip;
			productName = tip;
			productReference = 9FA144AD24C7E56200717F02 /* tip.app */;
			productType = "com.apple.product-type.application";
		};
		9FA144C224C7E56700717F02 /* tipTests */ = {
			isa = PBXNativeTarget;
			buildConfigurationList = 9FA144DA24C7E56800717F02 /* Build configuration list for PBXNativeTarget "tipTests" */;
			buildPhases = (
				9FA144BF24C7E56700717F02 /* Sources */,
				9FA144C024C7E56700717F02 /* Frameworks */,
				9FA144C124C7E56700717F02 /* Resources */,
			);
			buildRules = (
			);
			dependencies = (
				9FA144C524C7E56800717F02 /* PBXTargetDependency */,
			);
			name = tipTests;
			productName = tipTests;
			productReference = 9FA144C324C7E56800717F02 /* tipTests.xctest */;
			productType = "com.apple.product-type.bundle.unit-test";
		};
		9FA144CD24C7E56800717F02 /* tipUITests */ = {
			isa = PBXNativeTarget;
			buildConfigurationList = 9FA144DD24C7E56800717F02 /* Build configuration list for PBXNativeTarget "tipUITests" */;
			buildPhases = (
				9FA144CA24C7E56800717F02 /* Sources */,
				9FA144CB24C7E56800717F02 /* Frameworks */,
				9FA144CC24C7E56800717F02 /* Resources */,
			);
			buildRules = (
			);
			dependencies = (
				9FA144D024C7E56800717F02 /* PBXTargetDependency */,
			);
			name = tipUITests;
			productName = tipUITests;
			productReference = 9FA144CE24C7E56800717F02 /* tipUITests.xctest */;
			productType = "com.apple.product-type.bundle.ui-testing";
		};
/* End PBXNativeTarget section */

/* Begin PBXProject section */
		9FA144A524C7E56200717F02 /* Project object */ = {
			isa = PBXProject;
			attributes = {
				LastSwiftUpdateCheck = 1130;
				LastUpgradeCheck = 1130;
				ORGANIZATIONNAME = Codepath;
				TargetAttributes = {
					9FA144AC24C7E56200717F02 = {
						CreatedOnToolsVersion = 11.3.1;
					};
					9FA144C224C7E56700717F02 = {
						CreatedOnToolsVersion = 11.3.1;
						TestTargetID = 9FA144AC24C7E56200717F02;
					};
					9FA144CD24C7E56800717F02 = {
						CreatedOnToolsVersion = 11.3.1;
						TestTargetID = 9FA144AC24C7E56200717F02;
					};
				};
			};
			buildConfigurationList = 9FA144A824C7E56200717F02 /* Build configuration list for PBXProject "tip" */;
			compatibilityVersion = "Xcode 9.3";
			developmentRegion = en;
			hasScannedForEncodings = 0;
			knownRegions = (
				en,
				Base,
			);
			mainGroup = 9FA144A424C7E56200717F02;
			productRefGroup = 9FA144AE24C7E56200717F02 /* Products */;
			projectDirPath = "";
			projectRoot = "";
			targets = (
				9FA144AC24C7E56200717F02 /* tip */,
				9FA144C224C7E56700717F02 /* tipTests */,
				9FA144CD24C7E56800717F02 /* tipUITests */,
			);
		};
/* End PBXProject section */

/* Begin PBXResourcesBuildPhase section */
		9FA144AB24C7E56200717F02 /* Resources */ = {
			isa = PBXResourcesBuildPhase;
			buildActionMask = 2147483647;
			files = (
				9FA144BD24C7E56700717F02 /* LaunchScreen.storyboard in Resources */,
				9FA144BA24C7E56700717F02 /* Assets.xcassets in Resources */,
				9FA144B824C7E56200717F02 /* Main.storyboard in Resources */,
			);
			runOnlyForDeploymentPostprocessing = 0;
		};
		9FA144C124C7E56700717F02 /* Resources */ = {
			isa = PBXResourcesBuildPhase;
			buildActionMask = 2147483647;
			files = (
			);
			runOnlyForDeploymentPostprocessing = 0;
		};
		9FA144CC24C7E56800717F02 /* Resources */ = {
			isa = PBXResourcesBuildPhase;
			buildActionMask = 2147483647;
			files = (
			);
			runOnlyForDeploymentPostprocessing = 0;
		};
/* End PBXResourcesBuildPhase section */

/* Begin PBXSourcesBuildPhase section */
		9FA144A924C7E56200717F02 /* Sources */ = {
			isa = PBXSourcesBuildPhase;
			buildActionMask = 2147483647;
			files = (
				9FA144B524C7E56200717F02 /* ViewController.swift in Sources */,
				9FA144B124C7E56200717F02 /* AppDelegate.swift in Sources */,
				9FA144B324C7E56200717F02 /* SceneDelegate.swift in Sources */,
			);
			runOnlyForDeploymentPostprocessing = 0;
		};
		9FA144BF24C7E56700717F02 /* Sources */ = {
			isa = PBXSourcesBuildPhase;
			buildActionMask = 2147483647;
			files = (
				9FA144C824C7E56800717F02 /* tipTests.swift in Sources */,
			);
			runOnlyForDeploymentPostprocessing = 0;
		};
		9FA144CA24C7E56800717F02 /* Sources */ = {
			isa = PBXSourcesBuildPhase;
			buildActionMask = 2147483647;
			files = (
				9FA144D324C7E56800717F02 /* tipUITests.swift in Sources */,
			);
			runOnlyForDeploymentPostprocessing = 0;
		};
/* End PBXSourcesBuildPhase section */

/* Begin PBXTargetDependency section */
		9FA144C524C7E56800717F02 /* PBXTargetDependency */ = {
			isa = PBXTargetDependency;
			target = 9FA144AC24C7E56200717F02 /* tip */;
			targetProxy = 9FA144C424C7E56800717F02 /* PBXContainerItemProxy */;
		};
		9FA144D024C7E56800717F02 /* PBXTargetDependency */ = {
			isa = PBXTargetDependency;
			target = 9FA144AC24C7E56200717F02 /* tip */;
			targetProxy = 9FA144CF24C7E56800717F02 /* PBXContainerItemProxy */;
		};
/* End PBXTargetDependency section */

/* Begin PBXVariantGroup section */
		9FA144B624C7E56200717F02 /* Main.storyboard */ = {
			isa = PBXVariantGroup;
			children = (
				9FA144B724C7E56200717F02 /* Base */,
			);
			name = Main.storyboard;
			sourceTree = "<group>";
		};
		9FA144BB24C7E56700717F02 /* LaunchScreen.storyboard */ = {
			isa = PBXVariantGroup;
			children = (
				9FA144BC24C7E56700717F02 /* Base */,
			);
			name = LaunchScreen.storyboard;
			sourceTree = "<group>";
		};
/* End PBXVariantGroup section */

/* Begin XCBuildConfiguration section */
		9FA144D524C7E56800717F02 /* Debug */ = {
			isa = XCBuildConfiguration;
			buildSettings = {
				ALWAYS_SEARCH_USER_PATHS = NO;
				CLANG_ANALYZER_NONNULL = YES;
				CLANG_ANALYZER_NUMBER_OBJECT_CONVERSION = YES_AGGRESSIVE;
				CLANG_CXX_LANGUAGE_STANDARD = "gnu++14";
				CLANG_CXX_LIBRARY = "libc++";
				CLANG_ENABLE_MODULES = YES;
				CLANG_ENABLE_OBJC_ARC = YES;
				CLANG_ENABLE_OBJC_WEAK = YES;
				CLANG_WARN_BLOCK_CAPTURE_AUTORELEASING = YES;
				CLANG_WARN_BOOL_CONVERSION = YES;
				CLANG_WARN_COMMA = YES;
				CLANG_WARN_CONSTANT_CONVERSION = YES;
				CLANG_WARN_DEPRECATED_OBJC_IMPLEMENTATIONS = YES;
				CLANG_WARN_DIRECT_OBJC_ISA_USAGE = YES_ERROR;
				CLANG_WARN_DOCUMENTATION_COMMENTS = YES;
				CLANG_WARN_EMPTY_BODY = YES;
				CLANG_WARN_ENUM_CONVERSION = YES;
				CLANG_WARN_INFINITE_RECURSION = YES;
				CLANG_WARN_INT_CONVERSION = YES;
				CLANG_WARN_NON_LITERAL_NULL_CONVERSION = YES;
				CLANG_WARN_OBJC_IMPLICIT_RETAIN_SELF = YES;
				CLANG_WARN_OBJC_LITERAL_CONVERSION = YES;
				CLANG_WARN_OBJC_ROOT_CLASS = YES_ERROR;
				CLANG_WARN_RANGE_LOOP_ANALYSIS = YES;
				CLANG_WARN_STRICT_PROTOTYPES = YES;
				CLANG_WARN_SUSPICIOUS_MOVE = YES;
				CLANG_WARN_UNGUARDED_AVAILABILITY = YES_AGGRESSIVE;
				CLANG_WARN_UNREACHABLE_CODE = YES;
				CLANG_WARN__DUPLICATE_METHOD_MATCH = YES;
				COPY_PHASE_STRIP = NO;
				DEBUG_INFORMATION_FORMAT = dwarf;
				ENABLE_STRICT_OBJC_MSGSEND = YES;
				ENABLE_TESTABILITY = YES;
				GCC_C_LANGUAGE_STANDARD = gnu11;
				GCC_DYNAMIC_NO_PIC = NO;
				GCC_NO_COMMON_BLOCKS = YES;
				GCC_OPTIMIZATION_LEVEL = 0;
				GCC_PREPROCESSOR_DEFINITIONS = (
					"DEBUG=1",
					"$(inherited)",
				);
				GCC_WARN_64_TO_32_BIT_CONVERSION = YES;
				GCC_WARN_ABOUT_RETURN_TYPE = YES_ERROR;
				GCC_WARN_UNDECLARED_SELECTOR = YES;
				GCC_WARN_UNINITIALIZED_AUTOS = YES_AGGRESSIVE;
				GCC_WARN_UNUSED_FUNCTION = YES;
				GCC_WARN_UNUSED_VARIABLE = YES;
				IPHONEOS_DEPLOYMENT_TARGET = 13.2;
				MTL_ENABLE_DEBUG_INFO = INCLUDE_SOURCE;
				MTL_FAST_MATH = YES;
				ONLY_ACTIVE_ARCH = YES;
				SDKROOT = iphoneos;
				SWIFT_ACTIVE_COMPILATION_CONDITIONS = DEBUG;
				SWIFT_OPTIMIZATION_LEVEL = "-Onone";
			};
			name = Debug;
		};
		9FA144D624C7E56800717F02 /* Release */ = {
			isa = XCBuildConfiguration;
			buildSettings = {
				ALWAYS_SEARCH_USER_PATHS = NO;
				CLANG_ANALYZER_NONNULL = YES;
				CLANG_ANALYZER_NUMBER_OBJECT_CONVERSION = YES_AGGRESSIVE;
				CLANG_CXX_LANGUAGE_STANDARD = "gnu++14";
				CLANG_CXX_LIBRARY = "libc++";
				CLANG_ENABLE_MODULES = YES;
				CLANG_ENABLE_OBJC_ARC = YES;
				CLANG_ENABLE_OBJC_WEAK = YES;
				CLANG_WARN_BLOCK_CAPTURE_AUTORELEASING = YES;
				CLANG_WARN_BOOL_CONVERSION = YES;
				CLANG_WARN_COMMA = YES;
				CLANG_WARN_CONSTANT_CONVERSION = YES;
				CLANG_WARN_DEPRECATED_OBJC_IMPLEMENTATIONS = YES;
				CLANG_WARN_DIRECT_OBJC_ISA_USAGE = YES_ERROR;
				CLANG_WARN_DOCUMENTATION_COMMENTS = YES;
				CLANG_WARN_EMPTY_BODY = YES;
				CLANG_WARN_ENUM_CONVERSION = YES;
				CLANG_WARN_INFINITE_RECURSION = YES;
				CLANG_WARN_INT_CONVERSION = YES;
				CLANG_WARN_NON_LITERAL_NULL_CONVERSION = YES;
				CLANG_WARN_OBJC_IMPLICIT_RETAIN_SELF = YES;
				CLANG_WARN_OBJC_LITERAL_CONVERSION = YES;
				CLANG_WARN_OBJC_ROOT_CLASS = YES_ERROR;
				CLANG_WARN_RANGE_LOOP_ANALYSIS = YES;
				CLANG_WARN_STRICT_PROTOTYPES = YES;
				CLANG_WARN_SUSPICIOUS_MOVE = YES;
				CLANG_WARN_UNGUARDED_AVAILABILITY = YES_AGGRESSIVE;
				CLANG_WARN_UNREACHABLE_CODE = YES;
				CLANG_WARN__DUPLICATE_METHOD_MATCH = YES;
				COPY_PHASE_STRIP = NO;
				DEBUG_INFORMATION_FORMAT = "dwarf-with-dsym";
				ENABLE_NS_ASSERTIONS = NO;
				ENABLE_STRICT_OBJC_MSGSEND = YES;
				GCC_C_LANGUAGE_STANDARD = gnu11;
				GCC_NO_COMMON_BLOCKS = YES;
				GCC_WARN_64_TO_32_BIT_CONVERSION = YES;
				GCC_WARN_ABOUT_RETURN_TYPE = YES_ERROR;
				GCC_WARN_UNDECLARED_SELECTOR = YES;
				GCC_WARN_UNINITIALIZED_AUTOS = YES_AGGRESSIVE;
				GCC_WARN_UNUSED_FUNCTION = YES;
				GCC_WARN_UNUSED_VARIABLE = YES;
				IPHONEOS_DEPLOYMENT_TARGET = 13.2;
				MTL_ENABLE_DEBUG_INFO = NO;
				MTL_FAST_MATH = YES;
				SDKROOT = iphoneos;
				SWIFT_COMPILATION_MODE = wholemodule;
				SWIFT_OPTIMIZATION_LEVEL = "-O";
				VALIDATE_PRODUCT = YES;
			};
			name = Release;
		};
		9FA144D824C7E56800717F02 /* Debug */ = {
			isa = XCBuildConfiguration;
			buildSettings = {
				ASSETCATALOG_COMPILER_APPICON_NAME = AppIcon;
				CODE_SIGN_STYLE = Automatic;
				INFOPLIST_FILE = tip/Info.plist;
				LD_RUNPATH_SEARCH_PATHS = (
					"$(inherited)",
					"@executable_path/Frameworks",
				);
				PRODUCT_BUNDLE_IDENTIFIER = Codepath.tip;
				PRODUCT_NAME = "$(TARGET_NAME)";
				SWIFT_VERSION = 5.0;
				TARGETED_DEVICE_FAMILY = "1,2";
			};
			name = Debug;
		};
		9FA144D924C7E56800717F02 /* Release */ = {
			isa = XCBuildConfiguration;
			buildSettings = {
				ASSETCATALOG_COMPILER_APPICON_NAME = AppIcon;
				CODE_SIGN_STYLE = Automatic;
				INFOPLIST_FILE = tip/Info.plist;
				LD_RUNPATH_SEARCH_PATHS = (
					"$(inherited)",
					"@executable_path/Frameworks",
				);
				PRODUCT_BUNDLE_IDENTIFIER = Codepath.tip;
				PRODUCT_NAME = "$(TARGET_NAME)";
				SWIFT_VERSION = 5.0;
				TARGETED_DEVICE_FAMILY = "1,2";
			};
			name = Release;
		};
		9FA144DB24C7E56800717F02 /* Debug */ = {
			isa = XCBuildConfiguration;
			buildSettings = {
				ALWAYS_EMBED_SWIFT_STANDARD_LIBRARIES = YES;
				BUNDLE_LOADER = "$(TEST_HOST)";
				CODE_SIGN_STYLE = Automatic;
				INFOPLIST_FILE = tipTests/Info.plist;
				IPHONEOS_DEPLOYMENT_TARGET = 13.2;
				LD_RUNPATH_SEARCH_PATHS = (
					"$(inherited)",
					"@executable_path/Frameworks",
					"@loader_path/Frameworks",
				);
				PRODUCT_BUNDLE_IDENTIFIER = Codepath.tipTests;
				PRODUCT_NAME = "$(TARGET_NAME)";
				SWIFT_VERSION = 5.0;
				TARGETED_DEVICE_FAMILY = "1,2";
				TEST_HOST = "$(BUILT_PRODUCTS_DIR)/tip.app/tip";
			};
			name = Debug;
		};
		9FA144DC24C7E56800717F02 /* Release */ = {
			isa = XCBuildConfiguration;
			buildSettings = {
				ALWAYS_EMBED_SWIFT_STANDARD_LIBRARIES = YES;
				BUNDLE_LOADER = "$(TEST_HOST)";
				CODE_SIGN_STYLE = Automatic;
				INFOPLIST_FILE = tipTests/Info.plist;
				IPHONEOS_DEPLOYMENT_TARGET = 13.2;
				LD_RUNPATH_SEARCH_PATHS = (
					"$(inherited)",
					"@executable_path/Frameworks",
					"@loader_path/Frameworks",
				);
				PRODUCT_BUNDLE_IDENTIFIER = Codepath.tipTests;
				PRODUCT_NAME = "$(TARGET_NAME)";
				SWIFT_VERSION = 5.0;
				TARGETED_DEVICE_FAMILY = "1,2";
				TEST_HOST = "$(BUILT_PRODUCTS_DIR)/tip.app/tip";
			};
			name = Release;
		};
		9FA144DE24C7E56800717F02 /* Debug */ = {
			isa = XCBuildConfiguration;
			buildSettings = {
				ALWAYS_EMBED_SWIFT_STANDARD_LIBRARIES = YES;
				CODE_SIGN_STYLE = Automatic;
				INFOPLIST_FILE = tipUITests/Info.plist;
				LD_RUNPATH_SEARCH_PATHS = (
					"$(inherited)",
					"@executable_path/Frameworks",
					"@loader_path/Frameworks",
				);
				PRODUCT_BUNDLE_IDENTIFIER = Codepath.tipUITests;
				PRODUCT_NAME = "$(TARGET_NAME)";
				SWIFT_VERSION = 5.0;
				TARGETED_DEVICE_FAMILY = "1,2";
				TEST_TARGET_NAME = tip;
			};
			name = Debug;
		};
		9FA144DF24C7E56800717F02 /* Release */ = {
			isa = XCBuildConfiguration;
			buildSettings = {
				ALWAYS_EMBED_SWIFT_STANDARD_LIBRARIES = YES;
				CODE_SIGN_STYLE = Automatic;
				INFOPLIST_FILE = tipUITests/Info.plist;
				LD_RUNPATH_SEARCH_PATHS = (
					"$(inherited)",
					"@executable_path/Frameworks",
					"@loader_path/Frameworks",
				);
				PRODUCT_BUNDLE_IDENTIFIER = Codepath.tipUITests;
				PRODUCT_NAME = "$(TARGET_NAME)";
				SWIFT_VERSION = 5.0;
				TARGETED_DEVICE_FAMILY = "1,2";
				TEST_TARGET_NAME = tip;
			};
			name = Release;
		};
/* End XCBuildConfiguration section */

/* Begin XCConfigurationList section */
		9FA144A824C7E56200717F02 /* Build configuration list for PBXProject "tip" */ = {
			isa = XCConfigurationList;
			buildConfigurations = (
				9FA144D524C7E56800717F02 /* Debug */,
				9FA144D624C7E56800717F02 /* Release */,
			);
			defaultConfigurationIsVisible = 0;
			defaultConfigurationName = Release;
		};
		9FA144D724C7E56800717F02 /* Build configuration list for PBXNativeTarget "tip" */ = {
			isa = XCConfigurationList;
			buildConfigurations = (
				9FA144D824C7E56800717F02 /* Debug */,
				9FA144D924C7E56800717F02 /* Release */,
			);
			defaultConfigurationIsVisible = 0;
			defaultConfigurationName = Release;
		};
		9FA144DA24C7E56800717F02 /* Build configuration list for PBXNativeTarget "tipTests" */ = {
			isa = XCConfigurationList;
			buildConfigurations = (
				9FA144DB24C7E56800717F02 /* Debug */,
				9FA144DC24C7E56800717F02 /* Release */,
			);
			defaultConfigurationIsVisible = 0;
			defaultConfigurationName = Release;
		};
		9FA144DD24C7E56800717F02 /* Build configuration list for PBXNativeTarget "tipUITests" */ = {
			isa = XCConfigurationList;
			buildConfigurations = (
				9FA144DE24C7E56800717F02 /* Debug */,
				9FA144DF24C7E56800717F02 /* Release */,
			);
			defaultConfigurationIsVisible = 0;
			defaultConfigurationName = Release;
		};
/* End XCConfigurationList section */
	};
	rootObject = 9FA144A524C7E56200717F02 /* Project object */;
}
